// !$*UTF8*$!
{
	archiveVersion = 1;
	classes = {
	};
	objectVersion = 50;
	objects = {

/* Begin PBXBuildFile section */
		B348FCBE2175087C00E016C5 /* main.cpp in Sources */ = {isa = PBXBuildFile; fileRef = B348FCBD2175087C00E016C5 /* main.cpp */; };
		B348FCDA217761F600E016C5 /* sha1.cpp in Sources */ = {isa = PBXBuildFile; fileRef = B348FCD9217761F600E016C5 /* sha1.cpp */; };
/* End PBXBuildFile section */

/* Begin PBXCopyFilesBuildPhase section */
		B348FCB82175087C00E016C5 /* CopyFiles */ = {
			isa = PBXCopyFilesBuildPhase;
			buildActionMask = 2147483647;
			dstPath = /usr/share/man/man1/;
			dstSubfolderSpec = 0;
			files = (
			);
			runOnlyForDeploymentPostprocessing = 1;
		};
/* End PBXCopyFilesBuildPhase section */

/* Begin PBXFileReference section */
		B348FCBA2175087C00E016C5 /* BitWindy */ = {isa = PBXFileReference; explicitFileType = "compiled.mach-o.executable"; includeInIndex = 0; path = BitWindy; sourceTree = BUILT_PRODUCTS_DIR; };
		B348FCBD2175087C00E016C5 /* main.cpp */ = {isa = PBXFileReference; lastKnownFileType = sourcecode.cpp.cpp; path = main.cpp; sourceTree = "<group>"; };
		B348FCD7217760C000E016C5 /* deelx.h */ = {isa = PBXFileReference; lastKnownFileType = sourcecode.c.h; path = deelx.h; sourceTree = "<group>"; };
		B348FCD8217761DC00E016C5 /* sha1.h */ = {isa = PBXFileReference; lastKnownFileType = sourcecode.c.h; path = sha1.h; sourceTree = "<group>"; };
		B348FCD9217761F600E016C5 /* sha1.cpp */ = {isa = PBXFileReference; lastKnownFileType = sourcecode.cpp.cpp; path = sha1.cpp; sourceTree = "<group>"; };
		B348FCDC217763D600E016C5 /* common.h */ = {isa = PBXFileReference; indentWidth = 4; lastKnownFileType = sourcecode.c.h; path = common.h; sourceTree = "<group>"; tabWidth = 4; usesTabs = 0; };
		B348FCDD217764F500E016C5 /* MyBitTorrent.h */ = {isa = PBXFileReference; lastKnownFileType = sourcecode.c.h; path = MyBitTorrent.h; sourceTree = "<group>"; };
		B348FCDF217765CE00E016C5 /* TorrentParser.h */ = {isa = PBXFileReference; lastKnownFileType = sourcecode.c.h; path = TorrentParser.h; sourceTree = "<group>"; };
		B348FCE121776C6F00E016C5 /* util.h */ = {isa = PBXFileReference; lastKnownFileType = sourcecode.c.h; path = util.h; sourceTree = "<group>"; };
/* End PBXFileReference section */

/* Begin PBXFrameworksBuildPhase section */
		B348FCB72175087C00E016C5 /* Frameworks */ = {
			isa = PBXFrameworksBuildPhase;
			buildActionMask = 2147483647;
			files = (
			);
			runOnlyForDeploymentPostprocessing = 0;
		};
/* End PBXFrameworksBuildPhase section */

/* Begin PBXGroup section */
		B348FCB12175087C00E016C5 = {
			isa = PBXGroup;
			children = (
				B348FCBC2175087C00E016C5 /* BitWindy */,
				B348FCBB2175087C00E016C5 /* Products */,
			);
			sourceTree = "<group>";
		};
		B348FCBB2175087C00E016C5 /* Products */ = {
			isa = PBXGroup;
			children = (
				B348FCBA2175087C00E016C5 /* BitWindy */,
			);
			name = Products;
			sourceTree = "<group>";
		};
		B348FCBC2175087C00E016C5 /* BitWindy */ = {
			isa = PBXGroup;
			children = (
				B348FCBD2175087C00E016C5 /* main.cpp */,
				B348FCDB2177638E00E016C5 /* lib */,
				B348FCDC217763D600E016C5 /* common.h */,
				B348FCDD217764F500E016C5 /* MyBitTorrent.h */,
				B348FCDF217765CE00E016C5 /* TorrentParser.h */,
				B348FCE121776C6F00E016C5 /* util.h */,
			);
			path = BitWindy;
			sourceTree = "<group>";
		};
		B348FCDB2177638E00E016C5 /* lib */ = {
			isa = PBXGroup;
			children = (
				B348FCD8217761DC00E016C5 /* sha1.h */,
				B348FCD7217760C000E016C5 /* deelx.h */,
				B348FCD9217761F600E016C5 /* sha1.cpp */,
			);
			path = lib;
			sourceTree = "<group>";
		};
/* End PBXGroup section */

/* Begin PBXNativeTarget section */
		B348FCB92175087C00E016C5 /* BitWindy */ = {
			isa = PBXNativeTarget;
			buildConfigurationList = B348FCC12175087C00E016C5 /* Build configuration list for PBXNativeTarget "BitWindy" */;
			buildPhases = (
				B348FCB62175087C00E016C5 /* Sources */,
				B348FCB72175087C00E016C5 /* Frameworks */,
				B348FCB82175087C00E016C5 /* CopyFiles */,
			);
			buildRules = (
			);
			dependencies = (
			);
			name = BitWindy;
			productName = BitWindy;
			productReference = B348FCBA2175087C00E016C5 /* BitWindy */;
			productType = "com.apple.product-type.tool";
		};
/* End PBXNativeTarget section */

/* Begin PBXProject section */
		B348FCB22175087C00E016C5 /* Project object */ = {
			isa = PBXProject;
			attributes = {
				LastUpgradeCheck = 1000;
				ORGANIZATIONNAME = bingyan;
				TargetAttributes = {
					B348FCB92175087C00E016C5 = {
						CreatedOnToolsVersion = 10.0;
					};
				};
			};
			buildConfigurationList = B348FCB52175087C00E016C5 /* Build configuration list for PBXProject "BitWindy" */;
			compatibilityVersion = "Xcode 9.3";
			developmentRegion = en;
			hasScannedForEncodings = 0;
			knownRegions = (
				en,
			);
			mainGroup = B348FCB12175087C00E016C5;
			productRefGroup = B348FCBB2175087C00E016C5 /* Products */;
			projectDirPath = "";
			projectRoot = "";
			targets = (
				B348FCB92175087C00E016C5 /* BitWindy */,
			);
		};
/* End PBXProject section */

/* Begin PBXSourcesBuildPhase section */
		B348FCB62175087C00E016C5 /* Sources */ = {
			isa = PBXSourcesBuildPhase;
			buildActionMask = 2147483647;
			files = (
				B348FCDA217761F600E016C5 /* sha1.cpp in Sources */,
				B348FCBE2175087C00E016C5 /* main.cpp in Sources */,
			);
			runOnlyForDeploymentPostprocessing = 0;
		};
/* End PBXSourcesBuildPhase section */

/* Begin XCBuildConfiguration section */
		B348FCBF2175087C00E016C5 /* Debug */ = {
			isa = XCBuildConfiguration;
			buildSettings = {
				ALWAYS_SEARCH_USER_PATHS = NO;
				CLANG_ANALYZER_NONNULL = YES;
				CLANG_ANALYZER_NUMBER_OBJECT_CONVERSION = YES_AGGRESSIVE;
				CLANG_CXX_LANGUAGE_STANDARD = "gnu++14";
				CLANG_CXX_LIBRARY = "libc++";
				CLANG_ENABLE_MODULES = YES;
				CLANG_ENABLE_OBJC_ARC = YES;
				CLANG_ENABLE_OBJC_WEAK = YES;
				CLANG_WARN_BLOCK_CAPTURE_AUTORELEASING = YES;
				CLANG_WARN_BOOL_CONVERSION = YES;
				CLANG_WARN_COMMA = YES;
				CLANG_WARN_CONSTANT_CONVERSION = YES;
				CLANG_WARN_DEPRECATED_OBJC_IMPLEMENTATIONS = YES;
				CLANG_WARN_DIRECT_OBJC_ISA_USAGE = YES_ERROR;
				CLANG_WARN_DOCUMENTATION_COMMENTS = YES;
				CLANG_WARN_EMPTY_BODY = YES;
				CLANG_WARN_ENUM_CONVERSION = YES;
				CLANG_WARN_INFINITE_RECURSION = YES;
				CLANG_WARN_INT_CONVERSION = YES;
				CLANG_WARN_NON_LITERAL_NULL_CONVERSION = YES;
				CLANG_WARN_OBJC_IMPLICIT_RETAIN_SELF = YES;
				CLANG_WARN_OBJC_LITERAL_CONVERSION = YES;
				CLANG_WARN_OBJC_ROOT_CLASS = YES_ERROR;
				CLANG_WARN_RANGE_LOOP_ANALYSIS = YES;
				CLANG_WARN_STRICT_PROTOTYPES = YES;
				CLANG_WARN_SUSPICIOUS_MOVE = YES;
				CLANG_WARN_UNGUARDED_AVAILABILITY = YES_AGGRESSIVE;
				CLANG_WARN_UNREACHABLE_CODE = YES;
				CLANG_WARN__DUPLICATE_METHOD_MATCH = YES;
				CODE_SIGN_IDENTITY = "Mac Developer";
				COPY_PHASE_STRIP = NO;
				DEBUG_INFORMATION_FORMAT = dwarf;
				ENABLE_STRICT_OBJC_MSGSEND = YES;
				ENABLE_TESTABILITY = YES;
				GCC_C_LANGUAGE_STANDARD = gnu11;
				GCC_DYNAMIC_NO_PIC = NO;
				GCC_INPUT_FILETYPE = automatic;
				GCC_NO_COMMON_BLOCKS = YES;
				GCC_OPTIMIZATION_LEVEL = 0;
				GCC_PREPROCESSOR_DEFINITIONS = (
					"DEBUG=1",
					"$(inherited)",
				);
				GCC_WARN_64_TO_32_BIT_CONVERSION = YES;
				GCC_WARN_ABOUT_RETURN_TYPE = YES_ERROR;
				GCC_WARN_UNDECLARED_SELECTOR = YES;
				GCC_WARN_UNINITIALIZED_AUTOS = YES_AGGRESSIVE;
				GCC_WARN_UNUSED_FUNCTION = YES;
				GCC_WARN_UNUSED_VARIABLE = YES;
				MACOSX_DEPLOYMENT_TARGET = 10.14;
				MTL_ENABLE_DEBUG_INFO = INCLUDE_SOURCE;
				MTL_FAST_MATH = YES;
				ONLY_ACTIVE_ARCH = YES;
				SDKROOT = macosx;
			};
			name = Debug;
		};
		B348FCC02175087C00E016C5 /* Release */ = {
			isa = XCBuildConfiguration;
			buildSettings = {
				ALWAYS_SEARCH_USER_PATHS = NO;
				CLANG_ANALYZER_NONNULL = YES;
				CLANG_ANALYZER_NUMBER_OBJECT_CONVERSION = YES_AGGRESSIVE;
				CLANG_CXX_LANGUAGE_STANDARD = "gnu++14";
				CLANG_CXX_LIBRARY = "libc++";
				CLANG_ENABLE_MODULES = YES;
				CLANG_ENABLE_OBJC_ARC = YES;
				CLANG_ENABLE_OBJC_WEAK = YES;
				CLANG_WARN_BLOCK_CAPTURE_AUTORELEASING = YES;
				CLANG_WARN_BOOL_CONVERSION = YES;
				CLANG_WARN_COMMA = YES;
				CLANG_WARN_CONSTANT_CONVERSION = YES;
				CLANG_WARN_DEPRECATED_OBJC_IMPLEMENTATIONS = YES;
				CLANG_WARN_DIRECT_OBJC_ISA_USAGE = YES_ERROR;
				CLANG_WARN_DOCUMENTATION_COMMENTS = YES;
				CLANG_WARN_EMPTY_BODY = YES;
				CLANG_WARN_ENUM_CONVERSION = YES;
				CLANG_WARN_INFINITE_RECURSION = YES;
				CLANG_WARN_INT_CONVERSION = YES;
				CLANG_WARN_NON_LITERAL_NULL_CONVERSION = YES;
				CLANG_WARN_OBJC_IMPLICIT_RETAIN_SELF = YES;
				CLANG_WARN_OBJC_LITERAL_CONVERSION = YES;
				CLANG_WARN_OBJC_ROOT_CLASS = YES_ERROR;
				CLANG_WARN_RANGE_LOOP_ANALYSIS = YES;
				CLANG_WARN_STRICT_PROTOTYPES = YES;
				CLANG_WARN_SUSPICIOUS_MOVE = YES;
				CLANG_WARN_UNGUARDED_AVAILABILITY = YES_AGGRESSIVE;
				CLANG_WARN_UNREACHABLE_CODE = YES;
				CLANG_WARN__DUPLICATE_METHOD_MATCH = YES;
				CODE_SIGN_IDENTITY = "Mac Developer";
				COPY_PHASE_STRIP = NO;
				DEBUG_INFORMATION_FORMAT = "dwarf-with-dsym";
				ENABLE_NS_ASSERTIONS = NO;
				ENABLE_STRICT_OBJC_MSGSEND = YES;
				GCC_C_LANGUAGE_STANDARD = gnu11;
				GCC_INPUT_FILETYPE = automatic;
				GCC_NO_COMMON_BLOCKS = YES;
				GCC_WARN_64_TO_32_BIT_CONVERSION = YES;
				GCC_WARN_ABOUT_RETURN_TYPE = YES_ERROR;
				GCC_WARN_UNDECLARED_SELECTOR = YES;
				GCC_WARN_UNINITIALIZED_AUTOS = YES_AGGRESSIVE;
				GCC_WARN_UNUSED_FUNCTION = YES;
				GCC_WARN_UNUSED_VARIABLE = YES;
				MACOSX_DEPLOYMENT_TARGET = 10.14;
				MTL_ENABLE_DEBUG_INFO = NO;
				MTL_FAST_MATH = YES;
				SDKROOT = macosx;
			};
			name = Release;
		};
		B348FCC22175087C00E016C5 /* Debug */ = {
			isa = XCBuildConfiguration;
			buildSettings = {
				CODE_SIGN_STYLE = Automatic;
				DEVELOPMENT_TEAM = 94ZP37H472;
				PRODUCT_NAME = "$(TARGET_NAME)";
			};
			name = Debug;
		};
		B348FCC32175087C00E016C5 /* Release */ = {
			isa = XCBuildConfiguration;
			buildSettings = {
				CODE_SIGN_STYLE = Automatic;
				DEVELOPMENT_TEAM = 94ZP37H472;
				PRODUCT_NAME = "$(TARGET_NAME)";
			};
			name = Release;
		};
/* End XCBuildConfiguration section */

/* Begin XCConfigurationList section */
		B348FCB52175087C00E016C5 /* Build configuration list for PBXProject "BitWindy" */ = {
			isa = XCConfigurationList;
			buildConfigurations = (
				B348FCBF2175087C00E016C5 /* Debug */,
				B348FCC02175087C00E016C5 /* Release */,
			);
			defaultConfigurationIsVisible = 0;
			defaultConfigurationName = Release;
		};
		B348FCC12175087C00E016C5 /* Build configuration list for PBXNativeTarget "BitWindy" */ = {
			isa = XCConfigurationList;
			buildConfigurations = (
				B348FCC22175087C00E016C5 /* Debug */,
				B348FCC32175087C00E016C5 /* Release */,
			);
			defaultConfigurationIsVisible = 0;
			defaultConfigurationName = Release;
		};
/* End XCConfigurationList section */
	};
	rootObject = B348FCB22175087C00E016C5 /* Project object */;
}
